
Microsoft Visual Studio Solution File, Format Version 12.00
# Visual Studio 15
VisualStudioVersion = 15.0.27428.2037
MinimumVisualStudioVersion = 10.0.40219.1
Project("{FAE04EC0-301F-11D3-BF4B-00C04F79EFBC}") = "TranslatorApp", "TranslatorApp\TranslatorApp.csproj", "{CCEE476B-0372-4CBB-9D3E-C4B62D65BB7E}"
EndProject
Project("{FAE04EC0-301F-11D3-BF4B-00C04F79EFBC}") = "Jfi.TranslatorApp", "Jfi.TranslatorApp\Jfi.TranslatorApp.csproj", "{408A3D8B-9B10-44DB-9FA7-5DCF2FE0D70B}"
EndProject
Global
	GlobalSection(SolutionConfigurationPlatforms) = preSolution
		Debug|Any CPU = Debug|Any CPU
		Release|Any CPU = Release|Any CPU
	EndGlobalSection
	GlobalSection(ProjectConfigurationPlatforms) = postSolution
		{CCEE476B-0372-4CBB-9D3E-C4B62D65BB7E}.Debug|Any CPU.ActiveCfg = Debug|Any CPU
		{CCEE476B-0372-4CBB-9D3E-C4B62D65BB7E}.Debug|Any CPU.Build.0 = Debug|Any CPU
		{CCEE476B-0372-4CBB-9D3E-C4B62D65BB7E}.Release|Any CPU.ActiveCfg = Release|Any CPU
		{CCEE476B-0372-4CBB-9D3E-C4B62D65BB7E}.Release|Any CPU.Build.0 = Release|Any CPU
		{408A3D8B-9B10-44DB-9FA7-5DCF2FE0D70B}.Debug|Any CPU.ActiveCfg = Debug|Any CPU
		{408A3D8B-9B10-44DB-9FA7-5DCF2FE0D70B}.Debug|Any CPU.Build.0 = Debug|Any CPU
		{408A3D8B-9B10-44DB-9FA7-5DCF2FE0D70B}.Release|Any CPU.ActiveCfg = Release|Any CPU
		{408A3D8B-9B10-44DB-9FA7-5DCF2FE0D70B}.Release|Any CPU.Build.0 = Release|Any CPU
	EndGlobalSection
	GlobalSection(SolutionProperties) = preSolution
		HideSolutionNode = FALSE
	EndGlobalSection
	GlobalSection(ExtensibilityGlobals) = postSolution
		SolutionGuid = {987EABFC-51B8-40E1-8D3F-3E3684B94E65}
	EndGlobalSection
EndGlobal
